// !$*UTF8*$!
{
	archiveVersion = 1;
	classes = {
	};
	objectVersion = 50;
	objects = {

/* Begin PBXBuildFile section */
		CD4525802581B74F0031A3ED /* AppDelegate.swift in Sources */ = {isa = PBXBuildFile; fileRef = CD45257F2581B74F0031A3ED /* AppDelegate.swift */; };
		CD4525822581B74F0031A3ED /* SceneDelegate.swift in Sources */ = {isa = PBXBuildFile; fileRef = CD4525812581B74F0031A3ED /* SceneDelegate.swift */; };
		CD4525842581B74F0031A3ED /* ViewController.swift in Sources */ = {isa = PBXBuildFile; fileRef = CD4525832581B74F0031A3ED /* ViewController.swift */; };
		CD4525872581B74F0031A3ED /* Main.storyboard in Resources */ = {isa = PBXBuildFile; fileRef = CD4525852581B74F0031A3ED /* Main.storyboard */; };
		CD4525892581B7500031A3ED /* Assets.xcassets in Resources */ = {isa = PBXBuildFile; fileRef = CD4525882581B7500031A3ED /* Assets.xcassets */; };
		CD45258C2581B7500031A3ED /* LaunchScreen.storyboard in Resources */ = {isa = PBXBuildFile; fileRef = CD45258A2581B7500031A3ED /* LaunchScreen.storyboard */; };
		CD4525952581B9EE0031A3ED /* NetworkingManager.swift in Sources */ = {isa = PBXBuildFile; fileRef = CD4525942581B9EE0031A3ED /* NetworkingManager.swift */; };
		CD4525982581BACA0031A3ED /* Pokemon.swift in Sources */ = {isa = PBXBuildFile; fileRef = CD4525972581BACA0031A3ED /* Pokemon.swift */; };
		CD45259C2581F1A70031A3ED /* PokemonTableViewCell.swift in Sources */ = {isa = PBXBuildFile; fileRef = CD45259A2581F1A70031A3ED /* PokemonTableViewCell.swift */; };
		CD45259D2581F1A70031A3ED /* PokemonTableViewCell.xib in Resources */ = {isa = PBXBuildFile; fileRef = CD45259B2581F1A70031A3ED /* PokemonTableViewCell.xib */; };
/* End PBXBuildFile section */

/* Begin PBXFileReference section */
		CD45257C2581B74F0031A3ED /* PokemonAPI.app */ = {isa = PBXFileReference; explicitFileType = wrapper.application; includeInIndex = 0; path = PokemonAPI.app; sourceTree = BUILT_PRODUCTS_DIR; };
		CD45257F2581B74F0031A3ED /* AppDelegate.swift */ = {isa = PBXFileReference; lastKnownFileType = sourcecode.swift; path = AppDelegate.swift; sourceTree = "<group>"; };
		CD4525812581B74F0031A3ED /* SceneDelegate.swift */ = {isa = PBXFileReference; lastKnownFileType = sourcecode.swift; path = SceneDelegate.swift; sourceTree = "<group>"; };
		CD4525832581B74F0031A3ED /* ViewController.swift */ = {isa = PBXFileReference; lastKnownFileType = sourcecode.swift; path = ViewController.swift; sourceTree = "<group>"; };
		CD4525862581B74F0031A3ED /* Base */ = {isa = PBXFileReference; lastKnownFileType = file.storyboard; name = Base; path = Base.lproj/Main.storyboard; sourceTree = "<group>"; };
		CD4525882581B7500031A3ED /* Assets.xcassets */ = {isa = PBXFileReference; lastKnownFileType = folder.assetcatalog; path = Assets.xcassets; sourceTree = "<group>"; };
		CD45258B2581B7500031A3ED /* Base */ = {isa = PBXFileReference; lastKnownFileType = file.storyboard; name = Base; path = Base.lproj/LaunchScreen.storyboard; sourceTree = "<group>"; };
		CD45258D2581B7500031A3ED /* Info.plist */ = {isa = PBXFileReference; lastKnownFileType = text.plist.xml; path = Info.plist; sourceTree = "<group>"; };
		CD4525942581B9EE0031A3ED /* NetworkingManager.swift */ = {isa = PBXFileReference; lastKnownFileType = sourcecode.swift; path = NetworkingManager.swift; sourceTree = "<group>"; };
		CD4525972581BACA0031A3ED /* Pokemon.swift */ = {isa = PBXFileReference; lastKnownFileType = sourcecode.swift; path = Pokemon.swift; sourceTree = "<group>"; };
		CD45259A2581F1A70031A3ED /* PokemonTableViewCell.swift */ = {isa = PBXFileReference; lastKnownFileType = sourcecode.swift; path = PokemonTableViewCell.swift; sourceTree = "<group>"; };
		CD45259B2581F1A70031A3ED /* PokemonTableViewCell.xib */ = {isa = PBXFileReference; lastKnownFileType = file.xib; path = PokemonTableViewCell.xib; sourceTree = "<group>"; };
/* End PBXFileReference section */

/* Begin PBXFrameworksBuildPhase section */
		CD4525792581B74F0031A3ED /* Frameworks */ = {
			isa = PBXFrameworksBuildPhase;
			buildActionMask = 2147483647;
			files = (
			);
			runOnlyForDeploymentPostprocessing = 0;
		};
/* End PBXFrameworksBuildPhase section */

/* Begin PBXGroup section */
		CD4525732581B74F0031A3ED = {
			isa = PBXGroup;
			children = (
				CD45257E2581B74F0031A3ED /* PokemonAPI */,
				CD45257D2581B74F0031A3ED /* Products */,
			);
			sourceTree = "<group>";
		};
		CD45257D2581B74F0031A3ED /* Products */ = {
			isa = PBXGroup;
			children = (
				CD45257C2581B74F0031A3ED /* PokemonAPI.app */,
			);
			name = Products;
			sourceTree = "<group>";
		};
		CD45257E2581B74F0031A3ED /* PokemonAPI */ = {
			isa = PBXGroup;
			children = (
				CD45257F2581B74F0031A3ED /* AppDelegate.swift */,
				CD4525812581B74F0031A3ED /* SceneDelegate.swift */,
				CD4525832581B74F0031A3ED /* ViewController.swift */,
				CD4525852581B74F0031A3ED /* Main.storyboard */,
				CD4525882581B7500031A3ED /* Assets.xcassets */,
				CD45258A2581B7500031A3ED /* LaunchScreen.storyboard */,
				CD45258D2581B7500031A3ED /* Info.plist */,
				CD4525942581B9EE0031A3ED /* NetworkingManager.swift */,
				CD4525972581BACA0031A3ED /* Pokemon.swift */,
				CD45259A2581F1A70031A3ED /* PokemonTableViewCell.swift */,
				CD45259B2581F1A70031A3ED /* PokemonTableViewCell.xib */,
			);
			path = PokemonAPI;
			sourceTree = "<group>";
		};
/* End PBXGroup section */

/* Begin PBXNativeTarget section */
		CD45257B2581B74F0031A3ED /* PokemonAPI */ = {
			isa = PBXNativeTarget;
			buildConfigurationList = CD4525902581B7500031A3ED /* Build configuration list for PBXNativeTarget "PokemonAPI" */;
			buildPhases = (
				CD4525782581B74F0031A3ED /* Sources */,
				CD4525792581B74F0031A3ED /* Frameworks */,
				CD45257A2581B74F0031A3ED /* Resources */,
			);
			buildRules = (
			);
			dependencies = (
			);
			name = PokemonAPI;
			productName = PokemonAPI;
			productReference = CD45257C2581B74F0031A3ED /* PokemonAPI.app */;
			productType = "com.apple.product-type.application";
		};
/* End PBXNativeTarget section */

/* Begin PBXProject section */
		CD4525742581B74F0031A3ED /* Project object */ = {
			isa = PBXProject;
			attributes = {
				LastSwiftUpdateCheck = 1220;
				LastUpgradeCheck = 1220;
				TargetAttributes = {
					CD45257B2581B74F0031A3ED = {
						CreatedOnToolsVersion = 12.2;
					};
				};
			};
			buildConfigurationList = CD4525772581B74F0031A3ED /* Build configuration list for PBXProject "PokemonAPI" */;
			compatibilityVersion = "Xcode 9.3";
			developmentRegion = en;
			hasScannedForEncodings = 0;
			knownRegions = (
				en,
				Base,
			);
			mainGroup = CD4525732581B74F0031A3ED;
			productRefGroup = CD45257D2581B74F0031A3ED /* Products */;
			projectDirPath = "";
			projectRoot = "";
			targets = (
				CD45257B2581B74F0031A3ED /* PokemonAPI */,
			);
		};
/* End PBXProject section */

/* Begin PBXResourcesBuildPhase section */
		CD45257A2581B74F0031A3ED /* Resources */ = {
			isa = PBXResourcesBuildPhase;
			buildActionMask = 2147483647;
			files = (
				CD45258C2581B7500031A3ED /* LaunchScreen.storyboard in Resources */,
				CD45259D2581F1A70031A3ED /* PokemonTableViewCell.xib in Resources */,
				CD4525892581B7500031A3ED /* Assets.xcassets in Resources */,
				CD4525872581B74F0031A3ED /* Main.storyboard in Resources */,
			);
			runOnlyForDeploymentPostprocessing = 0;
		};
/* End PBXResourcesBuildPhase section */

/* Begin PBXSourcesBuildPhase section */
		CD4525782581B74F0031A3ED /* Sources */ = {
			isa = PBXSourcesBuildPhase;
			buildActionMask = 2147483647;
			files = (
				CD4525982581BACA0031A3ED /* Pokemon.swift in Sources */,
				CD4525842581B74F0031A3ED /* ViewController.swift in Sources */,
				CD4525952581B9EE0031A3ED /* NetworkingManager.swift in Sources */,
				CD45259C2581F1A70031A3ED /* PokemonTableViewCell.swift in Sources */,
				CD4525802581B74F0031A3ED /* AppDelegate.swift in Sources */,
				CD4525822581B74F0031A3ED /* SceneDelegate.swift in Sources */,
			);
			runOnlyForDeploymentPostprocessing = 0;
		};
/* End PBXSourcesBuildPhase section */

/* Begin PBXVariantGroup section */
		CD4525852581B74F0031A3ED /* Main.storyboard */ = {
			isa = PBXVariantGroup;
			children = (
				CD4525862581B74F0031A3ED /* Base */,
			);
			name = Main.storyboard;
			sourceTree = "<group>";
		};
		CD45258A2581B7500031A3ED /* LaunchScreen.storyboard */ = {
			isa = PBXVariantGroup;
			children = (
				CD45258B2581B7500031A3ED /* Base */,
			);
			name = LaunchScreen.storyboard;
			sourceTree = "<group>";
		};
/* End PBXVariantGroup section */

/* Begin XCBuildConfiguration section */
		CD45258E2581B7500031A3ED /* Debug */ = {
			isa = XCBuildConfiguration;
			buildSettings = {
				ALWAYS_SEARCH_USER_PATHS = NO;
				CLANG_ANALYZER_NONNULL = YES;
				CLANG_ANALYZER_NUMBER_OBJECT_CONVERSION = YES_AGGRESSIVE;
				CLANG_CXX_LANGUAGE_STANDARD = "gnu++14";
				CLANG_CXX_LIBRARY = "libc++";
				CLANG_ENABLE_MODULES = YES;
				CLANG_ENABLE_OBJC_ARC = YES;
				CLANG_ENABLE_OBJC_WEAK = YES;
				CLANG_WARN_BLOCK_CAPTURE_AUTORELEASING = YES;
				CLANG_WARN_BOOL_CONVERSION = YES;
				CLANG_WARN_COMMA = YES;
				CLANG_WARN_CONSTANT_CONVERSION = YES;
				CLANG_WARN_DEPRECATED_OBJC_IMPLEMENTATIONS = YES;
				CLANG_WARN_DIRECT_OBJC_ISA_USAGE = YES_ERROR;
				CLANG_WARN_DOCUMENTATION_COMMENTS = YES;
				CLANG_WARN_EMPTY_BODY = YES;
				CLANG_WARN_ENUM_CONVERSION = YES;
				CLANG_WARN_INFINITE_RECURSION = YES;
				CLANG_WARN_INT_CONVERSION = YES;
				CLANG_WARN_NON_LITERAL_NULL_CONVERSION = YES;
				CLANG_WARN_OBJC_IMPLICIT_RETAIN_SELF = YES;
				CLANG_WARN_OBJC_LITERAL_CONVERSION = YES;
				CLANG_WARN_OBJC_ROOT_CLASS = YES_ERROR;
				CLANG_WARN_QUOTED_INCLUDE_IN_FRAMEWORK_HEADER = YES;
				CLANG_WARN_RANGE_LOOP_ANALYSIS = YES;
				CLANG_WARN_STRICT_PROTOTYPES = YES;
				CLANG_WARN_SUSPICIOUS_MOVE = YES;
				CLANG_WARN_UNGUARDED_AVAILABILITY = YES_AGGRESSIVE;
				CLANG_WARN_UNREACHABLE_CODE = YES;
				CLANG_WARN__DUPLICATE_METHOD_MATCH = YES;
				COPY_PHASE_STRIP = NO;
				DEBUG_INFORMATION_FORMAT = dwarf;
				ENABLE_STRICT_OBJC_MSGSEND = YES;
				ENABLE_TESTABILITY = YES;
				GCC_C_LANGUAGE_STANDARD = gnu11;
				GCC_DYNAMIC_NO_PIC = NO;
				GCC_NO_COMMON_BLOCKS = YES;
				GCC_OPTIMIZATION_LEVEL = 0;
				GCC_PREPROCESSOR_DEFINITIONS = (
					"DEBUG=1",
					"$(inherited)",
				);
				GCC_WARN_64_TO_32_BIT_CONVERSION = YES;
				GCC_WARN_ABOUT_RETURN_TYPE = YES_ERROR;
				GCC_WARN_UNDECLARED_SELECTOR = YES;
				GCC_WARN_UNINITIALIZED_AUTOS = YES_AGGRESSIVE;
				GCC_WARN_UNUSED_FUNCTION = YES;
				GCC_WARN_UNUSED_VARIABLE = YES;
				IPHONEOS_DEPLOYMENT_TARGET = 14.2;
				MTL_ENABLE_DEBUG_INFO = INCLUDE_SOURCE;
				MTL_FAST_MATH = YES;
				ONLY_ACTIVE_ARCH = YES;
				SDKROOT = iphoneos;
				SWIFT_ACTIVE_COMPILATION_CONDITIONS = DEBUG;
				SWIFT_OPTIMIZATION_LEVEL = "-Onone";
			};
			name = Debug;
		};
		CD45258F2581B7500031A3ED /* Release */ = {
			isa = XCBuildConfiguration;
			buildSettings = {
				ALWAYS_SEARCH_USER_PATHS = NO;
				CLANG_ANALYZER_NONNULL = YES;
				CLANG_ANALYZER_NUMBER_OBJECT_CONVERSION = YES_AGGRESSIVE;
				CLANG_CXX_LANGUAGE_STANDARD = "gnu++14";
				CLANG_CXX_LIBRARY = "libc++";
				CLANG_ENABLE_MODULES = YES;
				CLANG_ENABLE_OBJC_ARC = YES;
				CLANG_ENABLE_OBJC_WEAK = YES;
				CLANG_WARN_BLOCK_CAPTURE_AUTORELEASING = YES;
				CLANG_WARN_BOOL_CONVERSION = YES;
				CLANG_WARN_COMMA = YES;
				CLANG_WARN_CONSTANT_CONVERSION = YES;
				CLANG_WARN_DEPRECATED_OBJC_IMPLEMENTATIONS = YES;
				CLANG_WARN_DIRECT_OBJC_ISA_USAGE = YES_ERROR;
				CLANG_WARN_DOCUMENTATION_COMMENTS = YES;
				CLANG_WARN_EMPTY_BODY = YES;
				CLANG_WARN_ENUM_CONVERSION = YES;
				CLANG_WARN_INFINITE_RECURSION = YES;
				CLANG_WARN_INT_CONVERSION = YES;
				CLANG_WARN_NON_LITERAL_NULL_CONVERSION = YES;
				CLANG_WARN_OBJC_IMPLICIT_RETAIN_SELF = YES;
				CLANG_WARN_OBJC_LITERAL_CONVERSION = YES;
				CLANG_WARN_OBJC_ROOT_CLASS = YES_ERROR;
				CLANG_WARN_QUOTED_INCLUDE_IN_FRAMEWORK_HEADER = YES;
				CLANG_WARN_RANGE_LOOP_ANALYSIS = YES;
				CLANG_WARN_STRICT_PROTOTYPES = YES;
				CLANG_WARN_SUSPICIOUS_MOVE = YES;
				CLANG_WARN_UNGUARDED_AVAILABILITY = YES_AGGRESSIVE;
				CLANG_WARN_UNREACHABLE_CODE = YES;
				CLANG_WARN__DUPLICATE_METHOD_MATCH = YES;
				COPY_PHASE_STRIP = NO;
				DEBUG_INFORMATION_FORMAT = "dwarf-with-dsym";
				ENABLE_NS_ASSERTIONS = NO;
				ENABLE_STRICT_OBJC_MSGSEND = YES;
				GCC_C_LANGUAGE_STANDARD = gnu11;
				GCC_NO_COMMON_BLOCKS = YES;
				GCC_WARN_64_TO_32_BIT_CONVERSION = YES;
				GCC_WARN_ABOUT_RETURN_TYPE = YES_ERROR;
				GCC_WARN_UNDECLARED_SELECTOR = YES;
				GCC_WARN_UNINITIALIZED_AUTOS = YES_AGGRESSIVE;
				GCC_WARN_UNUSED_FUNCTION = YES;
				GCC_WARN_UNUSED_VARIABLE = YES;
				IPHONEOS_DEPLOYMENT_TARGET = 14.2;
				MTL_ENABLE_DEBUG_INFO = NO;
				MTL_FAST_MATH = YES;
				SDKROOT = iphoneos;
				SWIFT_COMPILATION_MODE = wholemodule;
				SWIFT_OPTIMIZATION_LEVEL = "-O";
				VALIDATE_PRODUCT = YES;
			};
			name = Release;
		};
		CD4525912581B7500031A3ED /* Debug */ = {
			isa = XCBuildConfiguration;
			buildSettings = {
				ASSETCATALOG_COMPILER_APPICON_NAME = AppIcon;
				ASSETCATALOG_COMPILER_GLOBAL_ACCENT_COLOR_NAME = AccentColor;
				CODE_SIGN_STYLE = Automatic;
				INFOPLIST_FILE = PokemonAPI/Info.plist;
				LD_RUNPATH_SEARCH_PATHS = (
					"$(inherited)",
					"@executable_path/Frameworks",
				);
				PRODUCT_BUNDLE_IDENTIFIER = dev.nathan.visser.PokemonAPI;
				PRODUCT_NAME = "$(TARGET_NAME)";
				SWIFT_VERSION = 5.0;
				TARGETED_DEVICE_FAMILY = "1,2";
			};
			name = Debug;
		};
		CD4525922581B7500031A3ED /* Release */ = {
			isa = XCBuildConfiguration;
			buildSettings = {
				ASSETCATALOG_COMPILER_APPICON_NAME = AppIcon;
				ASSETCATALOG_COMPILER_GLOBAL_ACCENT_COLOR_NAME = AccentColor;
				CODE_SIGN_STYLE = Automatic;
				INFOPLIST_FILE = PokemonAPI/Info.plist;
				LD_RUNPATH_SEARCH_PATHS = (
					"$(inherited)",
					"@executable_path/Frameworks",
				);
				PRODUCT_BUNDLE_IDENTIFIER = dev.nathan.visser.PokemonAPI;
				PRODUCT_NAME = "$(TARGET_NAME)";
				SWIFT_VERSION = 5.0;
				TARGETED_DEVICE_FAMILY = "1,2";
			};
			name = Release;
		};
/* End XCBuildConfiguration section */

/* Begin XCConfigurationList section */
		CD4525772581B74F0031A3ED /* Build configuration list for PBXProject "PokemonAPI" */ = {
			isa = XCConfigurationList;
			buildConfigurations = (
				CD45258E2581B7500031A3ED /* Debug */,
				CD45258F2581B7500031A3ED /* Release */,
			);
			defaultConfigurationIsVisible = 0;
			defaultConfigurationName = Release;
		};
		CD4525902581B7500031A3ED /* Build configuration list for PBXNativeTarget "PokemonAPI" */ = {
			isa = XCConfigurationList;
			buildConfigurations = (
				CD4525912581B7500031A3ED /* Debug */,
				CD4525922581B7500031A3ED /* Release */,
			);
			defaultConfigurationIsVisible = 0;
			defaultConfigurationName = Release;
		};
/* End XCConfigurationList section */
	};
	rootObject = CD4525742581B74F0031A3ED /* Project object */;
}
